// !$*UTF8*$!
{
	archiveVersion = 1;
	classes = {
	};
	objectVersion = 46;
	objects = {

/* Begin PBXBuildFile section */
		57BC53E0176D872A00A7C23F /* UIKit.framework in Frameworks */ = {isa = PBXBuildFile; fileRef = 57BC53DF176D872A00A7C23F /* UIKit.framework */; };
		57BC53E2176D872A00A7C23F /* Foundation.framework in Frameworks */ = {isa = PBXBuildFile; fileRef = 57BC53E1176D872A00A7C23F /* Foundation.framework */; };
		57BC53E4176D872A00A7C23F /* CoreGraphics.framework in Frameworks */ = {isa = PBXBuildFile; fileRef = 57BC53E3176D872A00A7C23F /* CoreGraphics.framework */; };
		57BC53EA176D872A00A7C23F /* InfoPlist.strings in Resources */ = {isa = PBXBuildFile; fileRef = 57BC53E8176D872A00A7C23F /* InfoPlist.strings */; };
		57BC53EC176D872A00A7C23F /* main.m in Sources */ = {isa = PBXBuildFile; fileRef = 57BC53EB176D872A00A7C23F /* main.m */; };
		57BC53F0176D872A00A7C23F /* AppDelegate.m in Sources */ = {isa = PBXBuildFile; fileRef = 57BC53EF176D872A00A7C23F /* AppDelegate.m */; };
		57BC53F2176D872A00A7C23F /* Default.png in Resources */ = {isa = PBXBuildFile; fileRef = 57BC53F1176D872A00A7C23F /* Default.png */; };
		57BC53F4176D872A00A7C23F /* Default@2x.png in Resources */ = {isa = PBXBuildFile; fileRef = 57BC53F3176D872A00A7C23F /* Default@2x.png */; };
		57BC53F6176D872A00A7C23F /* Default-568h@2x.png in Resources */ = {isa = PBXBuildFile; fileRef = 57BC53F5176D872A00A7C23F /* Default-568h@2x.png */; };
		57BC53F9176D872A00A7C23F /* MainStoryboard.storyboard in Resources */ = {isa = PBXBuildFile; fileRef = 57BC53F7176D872A00A7C23F /* MainStoryboard.storyboard */; };
		57BC53FC176D872A00A7C23F /* ViewController.m in Sources */ = {isa = PBXBuildFile; fileRef = 57BC53FB176D872A00A7C23F /* ViewController.m */; };
		57BC5407176D87EB00A7C23F /* FirstTableViewController.m in Sources */ = {isa = PBXBuildFile; fileRef = 57BC5406176D87EB00A7C23F /* FirstTableViewController.m */; };
		57BC540A176D889900A7C23F /* UITableViewControllerFromJson.m in Sources */ = {isa = PBXBuildFile; fileRef = 57BC5409176D889900A7C23F /* UITableViewControllerFromJson.m */; };
		57BC540D176D890700A7C23F /* first_table_view.json in Resources */ = {isa = PBXBuildFile; fileRef = 57BC540C176D890600A7C23F /* first_table_view.json */; };
/* End PBXBuildFile section */

/* Begin PBXFileReference section */
		57BC53DC176D872A00A7C23F /* sample.app */ = {isa = PBXFileReference; explicitFileType = wrapper.application; includeInIndex = 0; path = sample.app; sourceTree = BUILT_PRODUCTS_DIR; };
		57BC53DF176D872A00A7C23F /* UIKit.framework */ = {isa = PBXFileReference; lastKnownFileType = wrapper.framework; name = UIKit.framework; path = System/Library/Frameworks/UIKit.framework; sourceTree = SDKROOT; };
		57BC53E1176D872A00A7C23F /* Foundation.framework */ = {isa = PBXFileReference; lastKnownFileType = wrapper.framework; name = Foundation.framework; path = System/Library/Frameworks/Foundation.framework; sourceTree = SDKROOT; };
		57BC53E3176D872A00A7C23F /* CoreGraphics.framework */ = {isa = PBXFileReference; lastKnownFileType = wrapper.framework; name = CoreGraphics.framework; path = System/Library/Frameworks/CoreGraphics.framework; sourceTree = SDKROOT; };
		57BC53E7176D872A00A7C23F /* sample-Info.plist */ = {isa = PBXFileReference; lastKnownFileType = text.plist.xml; path = "sample-Info.plist"; sourceTree = "<group>"; };
		57BC53E9176D872A00A7C23F /* en */ = {isa = PBXFileReference; lastKnownFileType = text.plist.strings; name = en; path = en.lproj/InfoPlist.strings; sourceTree = "<group>"; };
		57BC53EB176D872A00A7C23F /* main.m */ = {isa = PBXFileReference; lastKnownFileType = sourcecode.c.objc; path = main.m; sourceTree = "<group>"; };
		57BC53ED176D872A00A7C23F /* sample-Prefix.pch */ = {isa = PBXFileReference; lastKnownFileType = sourcecode.c.h; path = "sample-Prefix.pch"; sourceTree = "<group>"; };
		57BC53EE176D872A00A7C23F /* AppDelegate.h */ = {isa = PBXFileReference; lastKnownFileType = sourcecode.c.h; path = AppDelegate.h; sourceTree = "<group>"; };
		57BC53EF176D872A00A7C23F /* AppDelegate.m */ = {isa = PBXFileReference; lastKnownFileType = sourcecode.c.objc; path = AppDelegate.m; sourceTree = "<group>"; };
		57BC53F1176D872A00A7C23F /* Default.png */ = {isa = PBXFileReference; lastKnownFileType = image.png; path = Default.png; sourceTree = "<group>"; };
		57BC53F3176D872A00A7C23F /* Default@2x.png */ = {isa = PBXFileReference; lastKnownFileType = image.png; path = "Default@2x.png"; sourceTree = "<group>"; };
		57BC53F5176D872A00A7C23F /* Default-568h@2x.png */ = {isa = PBXFileReference; lastKnownFileType = image.png; path = "Default-568h@2x.png"; sourceTree = "<group>"; };
		57BC53F8176D872A00A7C23F /* en */ = {isa = PBXFileReference; lastKnownFileType = file.storyboard; name = en; path = en.lproj/MainStoryboard.storyboard; sourceTree = "<group>"; };
		57BC53FA176D872A00A7C23F /* ViewController.h */ = {isa = PBXFileReference; lastKnownFileType = sourcecode.c.h; path = ViewController.h; sourceTree = "<group>"; };
		57BC53FB176D872A00A7C23F /* ViewController.m */ = {isa = PBXFileReference; lastKnownFileType = sourcecode.c.objc; path = ViewController.m; sourceTree = "<group>"; };
		57BC5405176D87EB00A7C23F /* FirstTableViewController.h */ = {isa = PBXFileReference; fileEncoding = 4; lastKnownFileType = sourcecode.c.h; path = FirstTableViewController.h; sourceTree = "<group>"; };
		57BC5406176D87EB00A7C23F /* FirstTableViewController.m */ = {isa = PBXFileReference; fileEncoding = 4; lastKnownFileType = sourcecode.c.objc; path = FirstTableViewController.m; sourceTree = "<group>"; };
		57BC5408176D888E00A7C23F /* UITableViewControllerFromJson.h */ = {isa = PBXFileReference; fileEncoding = 4; lastKnownFileType = sourcecode.c.h; name = UITableViewControllerFromJson.h; path = sample/UITableViewControllerFromJson.h; sourceTree = "<group>"; };
		57BC5409176D889900A7C23F /* UITableViewControllerFromJson.m */ = {isa = PBXFileReference; fileEncoding = 4; lastKnownFileType = sourcecode.c.objc; name = UITableViewControllerFromJson.m; path = sample/UITableViewControllerFromJson.m; sourceTree = "<group>"; };
		57BC540C176D890600A7C23F /* first_table_view.json */ = {isa = PBXFileReference; fileEncoding = 4; lastKnownFileType = text.json; path = first_table_view.json; sourceTree = "<group>"; };
/* End PBXFileReference section */

/* Begin PBXFrameworksBuildPhase section */
		57BC53D9176D872A00A7C23F /* Frameworks */ = {
			isa = PBXFrameworksBuildPhase;
			buildActionMask = 2147483647;
			files = (
				57BC53E0176D872A00A7C23F /* UIKit.framework in Frameworks */,
				57BC53E2176D872A00A7C23F /* Foundation.framework in Frameworks */,
				57BC53E4176D872A00A7C23F /* CoreGraphics.framework in Frameworks */,
			);
			runOnlyForDeploymentPostprocessing = 0;
		};
/* End PBXFrameworksBuildPhase section */

/* Begin PBXGroup section */
		57BC53D3176D872A00A7C23F = {
			isa = PBXGroup;
			children = (
				57BC5402176D873700A7C23F /* UITableViewControllerFromJson */,
				57BC53E5176D872A00A7C23F /* sample */,
				57BC53DE176D872A00A7C23F /* Frameworks */,
				57BC53DD176D872A00A7C23F /* Products */,
			);
			sourceTree = "<group>";
		};
		57BC53DD176D872A00A7C23F /* Products */ = {
			isa = PBXGroup;
			children = (
				57BC53DC176D872A00A7C23F /* sample.app */,
			);
			name = Products;
			sourceTree = "<group>";
		};
		57BC53DE176D872A00A7C23F /* Frameworks */ = {
			isa = PBXGroup;
			children = (
				57BC53DF176D872A00A7C23F /* UIKit.framework */,
				57BC53E1176D872A00A7C23F /* Foundation.framework */,
				57BC53E3176D872A00A7C23F /* CoreGraphics.framework */,
			);
			name = Frameworks;
			sourceTree = "<group>";
		};
		57BC53E5176D872A00A7C23F /* sample */ = {
			isa = PBXGroup;
			children = (
				57BC53EE176D872A00A7C23F /* AppDelegate.h */,
				57BC53EF176D872A00A7C23F /* AppDelegate.m */,
				57BC53FA176D872A00A7C23F /* ViewController.h */,
				57BC53FB176D872A00A7C23F /* ViewController.m */,
				57BC53F7176D872A00A7C23F /* MainStoryboard.storyboard */,
				57BC540B176D88AD00A7C23F /* FirstTableViewController */,
				57BC53E6176D872A00A7C23F /* Supporting Files */,
			);
			path = sample;
			sourceTree = "<group>";
		};
		57BC53E6176D872A00A7C23F /* Supporting Files */ = {
			isa = PBXGroup;
			children = (
				57BC53E7176D872A00A7C23F /* sample-Info.plist */,
				57BC53E8176D872A00A7C23F /* InfoPlist.strings */,
				57BC53EB176D872A00A7C23F /* main.m */,
				57BC53ED176D872A00A7C23F /* sample-Prefix.pch */,
				57BC53F1176D872A00A7C23F /* Default.png */,
				57BC53F3176D872A00A7C23F /* Default@2x.png */,
				57BC53F5176D872A00A7C23F /* Default-568h@2x.png */,
			);
			name = "Supporting Files";
			sourceTree = "<group>";
		};
		57BC5402176D873700A7C23F /* UITableViewControllerFromJson */ = {
			isa = PBXGroup;
			children = (
				57BC5408176D888E00A7C23F /* UITableViewControllerFromJson.h */,
				57BC5409176D889900A7C23F /* UITableViewControllerFromJson.m */,
			);
			name = UITableViewControllerFromJson;
			sourceTree = "<group>";
		};
		57BC540B176D88AD00A7C23F /* FirstTableViewController */ = {
			isa = PBXGroup;
			children = (
				57BC5405176D87EB00A7C23F /* FirstTableViewController.h */,
				57BC5406176D87EB00A7C23F /* FirstTableViewController.m */,
				57BC540C176D890600A7C23F /* first_table_view.json */,
			);
			name = FirstTableViewController;
			sourceTree = "<group>";
		};
/* End PBXGroup section */

/* Begin PBXNativeTarget section */
		57BC53DB176D872A00A7C23F /* sample */ = {
			isa = PBXNativeTarget;
			buildConfigurationList = 57BC53FF176D872A00A7C23F /* Build configuration list for PBXNativeTarget "sample" */;
			buildPhases = (
				57BC53D8176D872A00A7C23F /* Sources */,
				57BC53D9176D872A00A7C23F /* Frameworks */,
				57BC53DA176D872A00A7C23F /* Resources */,
			);
			buildRules = (
			);
			dependencies = (
			);
			name = sample;
			productName = sample;
			productReference = 57BC53DC176D872A00A7C23F /* sample.app */;
			productType = "com.apple.product-type.application";
		};
/* End PBXNativeTarget section */

/* Begin PBXProject section */
		57BC53D4176D872A00A7C23F /* Project object */ = {
			isa = PBXProject;
			attributes = {
				LastUpgradeCheck = 0460;
				ORGANIZATIONNAME = salexkidd;
			};
			buildConfigurationList = 57BC53D7176D872A00A7C23F /* Build configuration list for PBXProject "sample" */;
			compatibilityVersion = "Xcode 3.2";
			developmentRegion = English;
			hasScannedForEncodings = 0;
			knownRegions = (
				en,
			);
			mainGroup = 57BC53D3176D872A00A7C23F;
			productRefGroup = 57BC53DD176D872A00A7C23F /* Products */;
			projectDirPath = "";
			projectRoot = "";
			targets = (
				57BC53DB176D872A00A7C23F /* sample */,
			);
		};
/* End PBXProject section */

/* Begin PBXResourcesBuildPhase section */
		57BC53DA176D872A00A7C23F /* Resources */ = {
			isa = PBXResourcesBuildPhase;
			buildActionMask = 2147483647;
			files = (
				57BC53EA176D872A00A7C23F /* InfoPlist.strings in Resources */,
				57BC53F2176D872A00A7C23F /* Default.png in Resources */,
				57BC53F4176D872A00A7C23F /* Default@2x.png in Resources */,
				57BC53F6176D872A00A7C23F /* Default-568h@2x.png in Resources */,
				57BC53F9176D872A00A7C23F /* MainStoryboard.storyboard in Resources */,
				57BC540D176D890700A7C23F /* first_table_view.json in Resources */,
			);
			runOnlyForDeploymentPostprocessing = 0;
		};
/* End PBXResourcesBuildPhase section */

/* Begin PBXSourcesBuildPhase section */
		57BC53D8176D872A00A7C23F /* Sources */ = {
			isa = PBXSourcesBuildPhase;
			buildActionMask = 2147483647;
			files = (
				57BC53EC176D872A00A7C23F /* main.m in Sources */,
				57BC53F0176D872A00A7C23F /* AppDelegate.m in Sources */,
				57BC53FC176D872A00A7C23F /* ViewController.m in Sources */,
				57BC5407176D87EB00A7C23F /* FirstTableViewController.m in Sources */,
				57BC540A176D889900A7C23F /* UITableViewControllerFromJson.m in Sources */,
			);
			runOnlyForDeploymentPostprocessing = 0;
		};
/* End PBXSourcesBuildPhase section */

/* Begin PBXVariantGroup section */
		57BC53E8176D872A00A7C23F /* InfoPlist.strings */ = {
			isa = PBXVariantGroup;
			children = (
				57BC53E9176D872A00A7C23F /* en */,
			);
			name = InfoPlist.strings;
			sourceTree = "<group>";
		};
		57BC53F7176D872A00A7C23F /* MainStoryboard.storyboard */ = {
			isa = PBXVariantGroup;
			children = (
				57BC53F8176D872A00A7C23F /* en */,
			);
			name = MainStoryboard.storyboard;
			sourceTree = "<group>";
		};
/* End PBXVariantGroup section */

/* Begin XCBuildConfiguration section */
		57BC53FD176D872A00A7C23F /* Debug */ = {
			isa = XCBuildConfiguration;
			buildSettings = {
				ALWAYS_SEARCH_USER_PATHS = NO;
				CLANG_CXX_LANGUAGE_STANDARD = "gnu++0x";
				CLANG_CXX_LIBRARY = "libc++";
				CLANG_ENABLE_OBJC_ARC = YES;
				CLANG_WARN_CONSTANT_CONVERSION = YES;
				CLANG_WARN_EMPTY_BODY = YES;
				CLANG_WARN_ENUM_CONVERSION = YES;
				CLANG_WARN_INT_CONVERSION = YES;
				CLANG_WARN__DUPLICATE_METHOD_MATCH = YES;
				"CODE_SIGN_IDENTITY[sdk=iphoneos*]" = "iPhone Developer";
				COPY_PHASE_STRIP = NO;
				GCC_C_LANGUAGE_STANDARD = gnu99;
				GCC_DYNAMIC_NO_PIC = NO;
				GCC_OPTIMIZATION_LEVEL = 0;
				GCC_PREPROCESSOR_DEFINITIONS = (
					"DEBUG=1",
					"$(inherited)",
				);
				GCC_SYMBOLS_PRIVATE_EXTERN = NO;
				GCC_WARN_ABOUT_RETURN_TYPE = YES;
				GCC_WARN_UNINITIALIZED_AUTOS = YES;
				GCC_WARN_UNUSED_VARIABLE = YES;
				IPHONEOS_DEPLOYMENT_TARGET = 6.1;
				ONLY_ACTIVE_ARCH = YES;
				SDKROOT = iphoneos;
			};
			name = Debug;
		};
		57BC53FE176D872A00A7C23F /* Release */ = {
			isa = XCBuildConfiguration;
			buildSettings = {
				ALWAYS_SEARCH_USER_PATHS = NO;
				CLANG_CXX_LANGUAGE_STANDARD = "gnu++0x";
				CLANG_CXX_LIBRARY = "libc++";
				CLANG_ENABLE_OBJC_ARC = YES;
				CLANG_WARN_CONSTANT_CONVERSION = YES;
				CLANG_WARN_EMPTY_BODY = YES;
				CLANG_WARN_ENUM_CONVERSION = YES;
				CLANG_WARN_INT_CONVERSION = YES;
				CLANG_WARN__DUPLICATE_METHOD_MATCH = YES;
				"CODE_SIGN_IDENTITY[sdk=iphoneos*]" = "iPhone Developer";
				COPY_PHASE_STRIP = YES;
				GCC_C_LANGUAGE_STANDARD = gnu99;
				GCC_WARN_ABOUT_RETURN_TYPE = YES;
				GCC_WARN_UNINITIALIZED_AUTOS = YES;
				GCC_WARN_UNUSED_VARIABLE = YES;
				IPHONEOS_DEPLOYMENT_TARGET = 6.1;
				OTHER_CFLAGS = "-DNS_BLOCK_ASSERTIONS=1";
				SDKROOT = iphoneos;
				VALIDATE_PRODUCT = YES;
			};
			name = Release;
		};
		57BC5400176D872A00A7C23F /* Debug */ = {
			isa = XCBuildConfiguration;
			buildSettings = {
				GCC_PRECOMPILE_PREFIX_HEADER = YES;
				GCC_PREFIX_HEADER = "sample/sample-Prefix.pch";
				INFOPLIST_FILE = "sample/sample-Info.plist";
				PRODUCT_NAME = "$(TARGET_NAME)";
				WRAPPER_EXTENSION = app;
			};
			name = Debug;
		};
		57BC5401176D872A00A7C23F /* Release */ = {
			isa = XCBuildConfiguration;
			buildSettings = {
				GCC_PRECOMPILE_PREFIX_HEADER = YES;
				GCC_PREFIX_HEADER = "sample/sample-Prefix.pch";
				INFOPLIST_FILE = "sample/sample-Info.plist";
				PRODUCT_NAME = "$(TARGET_NAME)";
				WRAPPER_EXTENSION = app;
			};
			name = Release;
		};
/* End XCBuildConfiguration section */

/* Begin XCConfigurationList section */
		57BC53D7176D872A00A7C23F /* Build configuration list for PBXProject "sample" */ = {
			isa = XCConfigurationList;
			buildConfigurations = (
				57BC53FD176D872A00A7C23F /* Debug */,
				57BC53FE176D872A00A7C23F /* Release */,
			);
			defaultConfigurationIsVisible = 0;
			defaultConfigurationName = Release;
		};
		57BC53FF176D872A00A7C23F /* Build configuration list for PBXNativeTarget "sample" */ = {
			isa = XCConfigurationList;
			buildConfigurations = (
				57BC5400176D872A00A7C23F /* Debug */,
				57BC5401176D872A00A7C23F /* Release */,
			);
			defaultConfigurationIsVisible = 0;
			defaultConfigurationName = Release;
		};
/* End XCConfigurationList section */
	};
	rootObject = 57BC53D4176D872A00A7C23F /* Project object */;
}
